
Microsoft Visual Studio Solution File, Format Version 12.00
# Visual Studio Version 17
VisualStudioVersion = 17.9.34728.123
MinimumVisualStudioVersion = 10.0.40219.1
Project("{FAE04EC0-301F-11D3-BF4B-00C04F79EFBC}") = "WPFLogin", "WPFLogin\WPFLogin.csproj", "{C1761709-5340-4BC1-B1A3-4B8AF62F63CD}"
EndProject
Global
	GlobalSection(SolutionConfigurationPlatforms) = preSolution
		Debug|Any CPU = Debug|Any CPU
		Release|Any CPU = Release|Any CPU
	EndGlobalSection
	GlobalSection(ProjectConfigurationPlatforms) = postSolution
		{C1761709-5340-4BC1-B1A3-4B8AF62F63CD}.Debug|Any CPU.ActiveCfg = Debug|Any CPU
		{C1761709-5340-4BC1-B1A3-4B8AF62F63CD}.Debug|Any CPU.Build.0 = Debug|Any CPU
		{C1761709-5340-4BC1-B1A3-4B8AF62F63CD}.Release|Any CPU.ActiveCfg = Release|Any CPU
		{C1761709-5340-4BC1-B1A3-4B8AF62F63CD}.Release|Any CPU.Build.0 = Release|Any CPU
	EndGlobalSection
	GlobalSection(SolutionProperties) = preSolution
		HideSolutionNode = FALSE
	EndGlobalSection
	GlobalSection(ExtensibilityGlobals) = postSolution
		SolutionGuid = {7F4AF159-B65A-4B4B-8334-6B00EDAC67A9}
	EndGlobalSection
EndGlobal
